
Microsoft Visual Studio Solution File, Format Version 12.00
# Visual Studio Version 16
VisualStudioVersion = 16.0.31613.86
MinimumVisualStudioVersion = 10.0.40219.1
Project("{8BC9CEB8-8B4A-11D0-8D11-00A0C91BC942}") = "GradeList2", "GradeList2.vcxproj", "{AE071E80-04D6-4334-9967-3F095DEE8448}"
EndProject
Global
	GlobalSection(SolutionConfigurationPlatforms) = preSolution
		Debug|x64 = Debug|x64
		Debug|x86 = Debug|x86
		Release|x64 = Release|x64
		Release|x86 = Release|x86
	EndGlobalSection
	GlobalSection(ProjectConfigurationPlatforms) = postSolution
		{AE071E80-04D6-4334-9967-3F095DEE8448}.Debug|x64.ActiveCfg = Debug|x64
		{AE071E80-04D6-4334-9967-3F095DEE8448}.Debug|x64.Build.0 = Debug|x64
		{AE071E80-04D6-4334-9967-3F095DEE8448}.Debug|x86.ActiveCfg = Debug|Win32
		{AE071E80-04D6-4334-9967-3F095DEE8448}.Debug|x86.Build.0 = Debug|Win32
		{AE071E80-04D6-4334-9967-3F095DEE8448}.Release|x64.ActiveCfg = Release|x64
		{AE071E80-04D6-4334-9967-3F095DEE8448}.Release|x64.Build.0 = Release|x64
		{AE071E80-04D6-4334-9967-3F095DEE8448}.Release|x86.ActiveCfg = Release|Win32
		{AE071E80-04D6-4334-9967-3F095DEE8448}.Release|x86.Build.0 = Release|Win32
	EndGlobalSection
	GlobalSection(SolutionProperties) = preSolution
		HideSolutionNode = FALSE
	EndGlobalSection
	GlobalSection(ExtensibilityGlobals) = postSolution
		SolutionGuid = {DC064490-0B5F-42BF-B668-1B3D7F8D95C7}
	EndGlobalSection
EndGlobal
